uuid: fd3c7749-a884-49ed-bb40-bf0144a33aee
langcode: en
status: true
dependencies:
  module:
    - eu_cookie_compliance
    - system
  theme:
    - hdbt_subtheme
_core:
  default_config_hash: Ofp5Nv8E3DryORBw9DXtbN860LdYomjt-klGkC0fCHs
id: hdbt_subtheme_eucookiecomplianceblock
theme: hdbt_subtheme
region: after_content
weight: -8
provider: null
plugin: eu_cookie_compliance_block
settings:
  id: eu_cookie_compliance_block
  label: 'EU Cookie Compliance Block'
  provider: eu_cookie_compliance
  label_display: '0'
  eu_cookie_compliance_block_settings:
    description:
      value: ''
      format: full_html
visibility:
  request_path:
    id: request_path
    pages: /cookie-information-and-settings
    negate: false
