uuid: 980a3127-29f4-404b-8f64-4c8f98d6f819
langcode: en
status: true
dependencies:
  module:
    - hdbt_admin_tools
  theme:
    - hdbt
_core:
  default_config_hash: tNA-kZeJYbWgoVL9w2tJxX5TkbOqzXQVOVardatKtk8
id: lowercontentblock
theme: hdbt
region: after_content
weight: -10
provider: null
plugin: lower_content_block
settings:
  id: lower_content_block
  label: 'Lower content block'
  label_display: '0'
  provider: hdbt_admin_tools
visibility: {  }
